
Microsoft Visual Studio Solution File, Format Version 12.00
# Visual Studio Version 17
VisualStudioVersion = 17.2.32526.322
MinimumVisualStudioVersion = 10.0.40219.1
Project("{FAE04EC0-301F-11D3-BF4B-00C04F79EFBC}") = "CLI-Script-Automations", "CLI-Script-Automations.csproj", "{86D33D90-234C-49E0-B30C-D4648E7C5DC2}"
EndProject
Global
	GlobalSection(SolutionConfigurationPlatforms) = preSolution
		Debug|Any CPU = Debug|Any CPU
		Release|Any CPU = Release|Any CPU
	EndGlobalSection
	GlobalSection(ProjectConfigurationPlatforms) = postSolution
		{86D33D90-234C-49E0-B30C-D4648E7C5DC2}.Debug|Any CPU.ActiveCfg = Debug|Any CPU
		{86D33D90-234C-49E0-B30C-D4648E7C5DC2}.Debug|Any CPU.Build.0 = Debug|Any CPU
		{86D33D90-234C-49E0-B30C-D4648E7C5DC2}.Release|Any CPU.ActiveCfg = Release|Any CPU
		{86D33D90-234C-49E0-B30C-D4648E7C5DC2}.Release|Any CPU.Build.0 = Release|Any CPU
	EndGlobalSection
	GlobalSection(SolutionProperties) = preSolution
		HideSolutionNode = FALSE
	EndGlobalSection
	GlobalSection(ExtensibilityGlobals) = postSolution
		SolutionGuid = {2D8AE4B4-DA7B-4DB7-82E1-E9D9FAD0134A}
	EndGlobalSection
EndGlobal
